
Microsoft Visual Studio Solution File, Format Version 12.00
# Visual Studio Version 17
VisualStudioVersion = 17.8.34330.188
MinimumVisualStudioVersion = 10.0.40219.1
Project("{FAE04EC0-301F-11D3-BF4B-00C04F79EFBC}") = "Technical_Assesment", "Technical_Assesment\Technical_Assesment.csproj", "{BE555A21-F134-4AD3-9DE2-7E05C316C71C}"
EndProject
Global
	GlobalSection(SolutionConfigurationPlatforms) = preSolution
		Debug|Any CPU = Debug|Any CPU
		Release|Any CPU = Release|Any CPU
	EndGlobalSection
	GlobalSection(ProjectConfigurationPlatforms) = postSolution
		{BE555A21-F134-4AD3-9DE2-7E05C316C71C}.Debug|Any CPU.ActiveCfg = Debug|Any CPU
		{BE555A21-F134-4AD3-9DE2-7E05C316C71C}.Debug|Any CPU.Build.0 = Debug|Any CPU
		{BE555A21-F134-4AD3-9DE2-7E05C316C71C}.Release|Any CPU.ActiveCfg = Release|Any CPU
		{BE555A21-F134-4AD3-9DE2-7E05C316C71C}.Release|Any CPU.Build.0 = Release|Any CPU
	EndGlobalSection
	GlobalSection(SolutionProperties) = preSolution
		HideSolutionNode = FALSE
	EndGlobalSection
	GlobalSection(ExtensibilityGlobals) = postSolution
		SolutionGuid = {83404C92-6AB2-406B-A0DE-323BE2C23268}
	EndGlobalSection
EndGlobal
